dependencies:
- name: gluon
  repository: oci://registry1.dso.mil/bigbang
  version: 0.9.0
- name: gateway
  repository: https://istio-release.storage.googleapis.com/charts
  version: 1.27.1
digest: sha256:1ccef8f64f8b08fdb6423fa109ed00ba85dcf9c4026d3b864567c2dc3c863e04
generated: "2025-09-08T15:25:14.939695-04:00"
