dependencies:
- name: gluon
  repository: oci://registry1.dso.mil/bigbang
  version: 0.9.5
- name: gateway
  repository: https://istio-release.storage.googleapis.com/charts
  version: 1.27.3
- name: bb-common
  repository: oci://registry1.dso.mil/bigbang
  version: 0.9.0
digest: sha256:8af7b2667f1186e1e39e22a9fecc35e15ab12becd93c96d76208332b74f665ce
generated: "2025-10-22T10:04:30.284072011-04:00"
